// !$*UTF8*$!
{
	archiveVersion = 1;
	classes = {
	};
	objectVersion = 50;
	objects = {

/* Begin PBXBuildFile section */
		DEABA6C825F209F500B1F1D3 /* AppDelegate.swift in Sources */ = {isa = PBXBuildFile; fileRef = DEABA6C725F209F500B1F1D3 /* AppDelegate.swift */; };
		DEABA6CA25F209F500B1F1D3 /* SceneDelegate.swift in Sources */ = {isa = PBXBuildFile; fileRef = DEABA6C925F209F500B1F1D3 /* SceneDelegate.swift */; };
		DEABA6CC25F209F500B1F1D3 /* ViewController.swift in Sources */ = {isa = PBXBuildFile; fileRef = DEABA6CB25F209F500B1F1D3 /* ViewController.swift */; };
		DEABA6CF25F209F500B1F1D3 /* Main.storyboard in Resources */ = {isa = PBXBuildFile; fileRef = DEABA6CD25F209F500B1F1D3 /* Main.storyboard */; };
		DEABA6D125F209F700B1F1D3 /* Assets.xcassets in Resources */ = {isa = PBXBuildFile; fileRef = DEABA6D025F209F700B1F1D3 /* Assets.xcassets */; };
		DEABA6D425F209F700B1F1D3 /* LaunchScreen.storyboard in Resources */ = {isa = PBXBuildFile; fileRef = DEABA6D225F209F700B1F1D3 /* LaunchScreen.storyboard */; };
		DEABA6DF25F209F700B1F1D3 /* PreworkTests.swift in Sources */ = {isa = PBXBuildFile; fileRef = DEABA6DE25F209F700B1F1D3 /* PreworkTests.swift */; };
		DEABA6EA25F209F700B1F1D3 /* PreworkUITests.swift in Sources */ = {isa = PBXBuildFile; fileRef = DEABA6E925F209F700B1F1D3 /* PreworkUITests.swift */; };
/* End PBXBuildFile section */

/* Begin PBXContainerItemProxy section */
		DEABA6DB25F209F700B1F1D3 /* PBXContainerItemProxy */ = {
			isa = PBXContainerItemProxy;
			containerPortal = DEABA6BC25F209F500B1F1D3 /* Project object */;
			proxyType = 1;
			remoteGlobalIDString = DEABA6C325F209F500B1F1D3;
			remoteInfo = Prework;
		};
		DEABA6E625F209F700B1F1D3 /* PBXContainerItemProxy */ = {
			isa = PBXContainerItemProxy;
			containerPortal = DEABA6BC25F209F500B1F1D3 /* Project object */;
			proxyType = 1;
			remoteGlobalIDString = DEABA6C325F209F500B1F1D3;
			remoteInfo = Prework;
		};
/* End PBXContainerItemProxy section */

/* Begin PBXFileReference section */
		DEABA6C425F209F500B1F1D3 /* Prework.app */ = {isa = PBXFileReference; explicitFileType = wrapper.application; includeInIndex = 0; path = Prework.app; sourceTree = BUILT_PRODUCTS_DIR; };
		DEABA6C725F209F500B1F1D3 /* AppDelegate.swift */ = {isa = PBXFileReference; lastKnownFileType = sourcecode.swift; path = AppDelegate.swift; sourceTree = "<group>"; };
		DEABA6C925F209F500B1F1D3 /* SceneDelegate.swift */ = {isa = PBXFileReference; lastKnownFileType = sourcecode.swift; path = SceneDelegate.swift; sourceTree = "<group>"; };
		DEABA6CB25F209F500B1F1D3 /* ViewController.swift */ = {isa = PBXFileReference; lastKnownFileType = sourcecode.swift; path = ViewController.swift; sourceTree = "<group>"; };
		DEABA6CE25F209F500B1F1D3 /* Base */ = {isa = PBXFileReference; lastKnownFileType = file.storyboard; name = Base; path = Base.lproj/Main.storyboard; sourceTree = "<group>"; };
		DEABA6D025F209F700B1F1D3 /* Assets.xcassets */ = {isa = PBXFileReference; lastKnownFileType = folder.assetcatalog; path = Assets.xcassets; sourceTree = "<group>"; };
		DEABA6D325F209F700B1F1D3 /* Base */ = {isa = PBXFileReference; lastKnownFileType = file.storyboard; name = Base; path = Base.lproj/LaunchScreen.storyboard; sourceTree = "<group>"; };
		DEABA6D525F209F700B1F1D3 /* Info.plist */ = {isa = PBXFileReference; lastKnownFileType = text.plist.xml; path = Info.plist; sourceTree = "<group>"; };
		DEABA6DA25F209F700B1F1D3 /* PreworkTests.xctest */ = {isa = PBXFileReference; explicitFileType = wrapper.cfbundle; includeInIndex = 0; path = PreworkTests.xctest; sourceTree = BUILT_PRODUCTS_DIR; };
		DEABA6DE25F209F700B1F1D3 /* PreworkTests.swift */ = {isa = PBXFileReference; lastKnownFileType = sourcecode.swift; path = PreworkTests.swift; sourceTree = "<group>"; };
		DEABA6E025F209F700B1F1D3 /* Info.plist */ = {isa = PBXFileReference; lastKnownFileType = text.plist.xml; path = Info.plist; sourceTree = "<group>"; };
		DEABA6E525F209F700B1F1D3 /* PreworkUITests.xctest */ = {isa = PBXFileReference; explicitFileType = wrapper.cfbundle; includeInIndex = 0; path = PreworkUITests.xctest; sourceTree = BUILT_PRODUCTS_DIR; };
		DEABA6E925F209F700B1F1D3 /* PreworkUITests.swift */ = {isa = PBXFileReference; lastKnownFileType = sourcecode.swift; path = PreworkUITests.swift; sourceTree = "<group>"; };
		DEABA6EB25F209F700B1F1D3 /* Info.plist */ = {isa = PBXFileReference; lastKnownFileType = text.plist.xml; path = Info.plist; sourceTree = "<group>"; };
/* End PBXFileReference section */

/* Begin PBXFrameworksBuildPhase section */
		DEABA6C125F209F500B1F1D3 /* Frameworks */ = {
			isa = PBXFrameworksBuildPhase;
			buildActionMask = 2147483647;
			files = (
			);
			runOnlyForDeploymentPostprocessing = 0;
		};
		DEABA6D725F209F700B1F1D3 /* Frameworks */ = {
			isa = PBXFrameworksBuildPhase;
			buildActionMask = 2147483647;
			files = (
			);
			runOnlyForDeploymentPostprocessing = 0;
		};
		DEABA6E225F209F700B1F1D3 /* Frameworks */ = {
			isa = PBXFrameworksBuildPhase;
			buildActionMask = 2147483647;
			files = (
			);
			runOnlyForDeploymentPostprocessing = 0;
		};
/* End PBXFrameworksBuildPhase section */

/* Begin PBXGroup section */
		DEABA6BB25F209F500B1F1D3 = {
			isa = PBXGroup;
			children = (
				DEABA6C625F209F500B1F1D3 /* Prework */,
				DEABA6DD25F209F700B1F1D3 /* PreworkTests */,
				DEABA6E825F209F700B1F1D3 /* PreworkUITests */,
				DEABA6C525F209F500B1F1D3 /* Products */,
			);
			sourceTree = "<group>";
		};
		DEABA6C525F209F500B1F1D3 /* Products */ = {
			isa = PBXGroup;
			children = (
				DEABA6C425F209F500B1F1D3 /* Prework.app */,
				DEABA6DA25F209F700B1F1D3 /* PreworkTests.xctest */,
				DEABA6E525F209F700B1F1D3 /* PreworkUITests.xctest */,
			);
			name = Products;
			sourceTree = "<group>";
		};
		DEABA6C625F209F500B1F1D3 /* Prework */ = {
			isa = PBXGroup;
			children = (
				DEABA6C725F209F500B1F1D3 /* AppDelegate.swift */,
				DEABA6C925F209F500B1F1D3 /* SceneDelegate.swift */,
				DEABA6CB25F209F500B1F1D3 /* ViewController.swift */,
				DEABA6CD25F209F500B1F1D3 /* Main.storyboard */,
				DEABA6D025F209F700B1F1D3 /* Assets.xcassets */,
				DEABA6D225F209F700B1F1D3 /* LaunchScreen.storyboard */,
				DEABA6D525F209F700B1F1D3 /* Info.plist */,
			);
			path = Prework;
			sourceTree = "<group>";
		};
		DEABA6DD25F209F700B1F1D3 /* PreworkTests */ = {
			isa = PBXGroup;
			children = (
				DEABA6DE25F209F700B1F1D3 /* PreworkTests.swift */,
				DEABA6E025F209F700B1F1D3 /* Info.plist */,
			);
			path = PreworkTests;
			sourceTree = "<group>";
		};
		DEABA6E825F209F700B1F1D3 /* PreworkUITests */ = {
			isa = PBXGroup;
			children = (
				DEABA6E925F209F700B1F1D3 /* PreworkUITests.swift */,
				DEABA6EB25F209F700B1F1D3 /* Info.plist */,
			);
			path = PreworkUITests;
			sourceTree = "<group>";
		};
/* End PBXGroup section */

/* Begin PBXNativeTarget section */
		DEABA6C325F209F500B1F1D3 /* Prework */ = {
			isa = PBXNativeTarget;
			buildConfigurationList = DEABA6EE25F209F700B1F1D3 /* Build configuration list for PBXNativeTarget "Prework" */;
			buildPhases = (
				DEABA6C025F209F500B1F1D3 /* Sources */,
				DEABA6C125F209F500B1F1D3 /* Frameworks */,
				DEABA6C225F209F500B1F1D3 /* Resources */,
			);
			buildRules = (
			);
			dependencies = (
			);
			name = Prework;
			productName = Prework;
			productReference = DEABA6C425F209F500B1F1D3 /* Prework.app */;
			productType = "com.apple.product-type.application";
		};
		DEABA6D925F209F700B1F1D3 /* PreworkTests */ = {
			isa = PBXNativeTarget;
			buildConfigurationList = DEABA6F125F209F700B1F1D3 /* Build configuration list for PBXNativeTarget "PreworkTests" */;
			buildPhases = (
				DEABA6D625F209F700B1F1D3 /* Sources */,
				DEABA6D725F209F700B1F1D3 /* Frameworks */,
				DEABA6D825F209F700B1F1D3 /* Resources */,
			);
			buildRules = (
			);
			dependencies = (
				DEABA6DC25F209F700B1F1D3 /* PBXTargetDependency */,
			);
			name = PreworkTests;
			productName = PreworkTests;
			productReference = DEABA6DA25F209F700B1F1D3 /* PreworkTests.xctest */;
			productType = "com.apple.product-type.bundle.unit-test";
		};
		DEABA6E425F209F700B1F1D3 /* PreworkUITests */ = {
			isa = PBXNativeTarget;
			buildConfigurationList = DEABA6F425F209F700B1F1D3 /* Build configuration list for PBXNativeTarget "PreworkUITests" */;
			buildPhases = (
				DEABA6E125F209F700B1F1D3 /* Sources */,
				DEABA6E225F209F700B1F1D3 /* Frameworks */,
				DEABA6E325F209F700B1F1D3 /* Resources */,
			);
			buildRules = (
			);
			dependencies = (
				DEABA6E725F209F700B1F1D3 /* PBXTargetDependency */,
			);
			name = PreworkUITests;
			productName = PreworkUITests;
			productReference = DEABA6E525F209F700B1F1D3 /* PreworkUITests.xctest */;
			productType = "com.apple.product-type.bundle.ui-testing";
		};
/* End PBXNativeTarget section */

/* Begin PBXProject section */
		DEABA6BC25F209F500B1F1D3 /* Project object */ = {
			isa = PBXProject;
			attributes = {
				LastSwiftUpdateCheck = 1240;
				LastUpgradeCheck = 1240;
				TargetAttributes = {
					DEABA6C325F209F500B1F1D3 = {
						CreatedOnToolsVersion = 12.4;
					};
					DEABA6D925F209F700B1F1D3 = {
						CreatedOnToolsVersion = 12.4;
						TestTargetID = DEABA6C325F209F500B1F1D3;
					};
					DEABA6E425F209F700B1F1D3 = {
						CreatedOnToolsVersion = 12.4;
						TestTargetID = DEABA6C325F209F500B1F1D3;
					};
				};
			};
			buildConfigurationList = DEABA6BF25F209F500B1F1D3 /* Build configuration list for PBXProject "Prework" */;
			compatibilityVersion = "Xcode 9.3";
			developmentRegion = en;
			hasScannedForEncodings = 0;
			knownRegions = (
				en,
				Base,
			);
			mainGroup = DEABA6BB25F209F500B1F1D3;
			productRefGroup = DEABA6C525F209F500B1F1D3 /* Products */;
			projectDirPath = "";
			projectRoot = "";
			targets = (
				DEABA6C325F209F500B1F1D3 /* Prework */,
				DEABA6D925F209F700B1F1D3 /* PreworkTests */,
				DEABA6E425F209F700B1F1D3 /* PreworkUITests */,
			);
		};
/* End PBXProject section */

/* Begin PBXResourcesBuildPhase section */
		DEABA6C225F209F500B1F1D3 /* Resources */ = {
			isa = PBXResourcesBuildPhase;
			buildActionMask = 2147483647;
			files = (
				DEABA6D425F209F700B1F1D3 /* LaunchScreen.storyboard in Resources */,
				DEABA6D125F209F700B1F1D3 /* Assets.xcassets in Resources */,
				DEABA6CF25F209F500B1F1D3 /* Main.storyboard in Resources */,
			);
			runOnlyForDeploymentPostprocessing = 0;
		};
		DEABA6D825F209F700B1F1D3 /* Resources */ = {
			isa = PBXResourcesBuildPhase;
			buildActionMask = 2147483647;
			files = (
			);
			runOnlyForDeploymentPostprocessing = 0;
		};
		DEABA6E325F209F700B1F1D3 /* Resources */ = {
			isa = PBXResourcesBuildPhase;
			buildActionMask = 2147483647;
			files = (
			);
			runOnlyForDeploymentPostprocessing = 0;
		};
/* End PBXResourcesBuildPhase section */

/* Begin PBXSourcesBuildPhase section */
		DEABA6C025F209F500B1F1D3 /* Sources */ = {
			isa = PBXSourcesBuildPhase;
			buildActionMask = 2147483647;
			files = (
				DEABA6CC25F209F500B1F1D3 /* ViewController.swift in Sources */,
				DEABA6C825F209F500B1F1D3 /* AppDelegate.swift in Sources */,
				DEABA6CA25F209F500B1F1D3 /* SceneDelegate.swift in Sources */,
			);
			runOnlyForDeploymentPostprocessing = 0;
		};
		DEABA6D625F209F700B1F1D3 /* Sources */ = {
			isa = PBXSourcesBuildPhase;
			buildActionMask = 2147483647;
			files = (
				DEABA6DF25F209F700B1F1D3 /* PreworkTests.swift in Sources */,
			);
			runOnlyForDeploymentPostprocessing = 0;
		};
		DEABA6E125F209F700B1F1D3 /* Sources */ = {
			isa = PBXSourcesBuildPhase;
			buildActionMask = 2147483647;
			files = (
				DEABA6EA25F209F700B1F1D3 /* PreworkUITests.swift in Sources */,
			);
			runOnlyForDeploymentPostprocessing = 0;
		};
/* End PBXSourcesBuildPhase section */

/* Begin PBXTargetDependency section */
		DEABA6DC25F209F700B1F1D3 /* PBXTargetDependency */ = {
			isa = PBXTargetDependency;
			target = DEABA6C325F209F500B1F1D3 /* Prework */;
			targetProxy = DEABA6DB25F209F700B1F1D3 /* PBXContainerItemProxy */;
		};
		DEABA6E725F209F700B1F1D3 /* PBXTargetDependency */ = {
			isa = PBXTargetDependency;
			target = DEABA6C325F209F500B1F1D3 /* Prework */;
			targetProxy = DEABA6E625F209F700B1F1D3 /* PBXContainerItemProxy */;
		};
/* End PBXTargetDependency section */

/* Begin PBXVariantGroup section */
		DEABA6CD25F209F500B1F1D3 /* Main.storyboard */ = {
			isa = PBXVariantGroup;
			children = (
				DEABA6CE25F209F500B1F1D3 /* Base */,
			);
			name = Main.storyboard;
			sourceTree = "<group>";
		};
		DEABA6D225F209F700B1F1D3 /* LaunchScreen.storyboard */ = {
			isa = PBXVariantGroup;
			children = (
				DEABA6D325F209F700B1F1D3 /* Base */,
			);
			name = LaunchScreen.storyboard;
			sourceTree = "<group>";
		};
/* End PBXVariantGroup section */

/* Begin XCBuildConfiguration section */
		DEABA6EC25F209F700B1F1D3 /* Debug */ = {
			isa = XCBuildConfiguration;
			buildSettings = {
				ALWAYS_SEARCH_USER_PATHS = NO;
				CLANG_ANALYZER_NONNULL = YES;
				CLANG_ANALYZER_NUMBER_OBJECT_CONVERSION = YES_AGGRESSIVE;
				CLANG_CXX_LANGUAGE_STANDARD = "gnu++14";
				CLANG_CXX_LIBRARY = "libc++";
				CLANG_ENABLE_MODULES = YES;
				CLANG_ENABLE_OBJC_ARC = YES;
				CLANG_ENABLE_OBJC_WEAK = YES;
				CLANG_WARN_BLOCK_CAPTURE_AUTORELEASING = YES;
				CLANG_WARN_BOOL_CONVERSION = YES;
				CLANG_WARN_COMMA = YES;
				CLANG_WARN_CONSTANT_CONVERSION = YES;
				CLANG_WARN_DEPRECATED_OBJC_IMPLEMENTATIONS = YES;
				CLANG_WARN_DIRECT_OBJC_ISA_USAGE = YES_ERROR;
				CLANG_WARN_DOCUMENTATION_COMMENTS = YES;
				CLANG_WARN_EMPTY_BODY = YES;
				CLANG_WARN_ENUM_CONVERSION = YES;
				CLANG_WARN_INFINITE_RECURSION = YES;
				CLANG_WARN_INT_CONVERSION = YES;
				CLANG_WARN_NON_LITERAL_NULL_CONVERSION = YES;
				CLANG_WARN_OBJC_IMPLICIT_RETAIN_SELF = YES;
				CLANG_WARN_OBJC_LITERAL_CONVERSION = YES;
				CLANG_WARN_OBJC_ROOT_CLASS = YES_ERROR;
				CLANG_WARN_QUOTED_INCLUDE_IN_FRAMEWORK_HEADER = YES;
				CLANG_WARN_RANGE_LOOP_ANALYSIS = YES;
				CLANG_WARN_STRICT_PROTOTYPES = YES;
				CLANG_WARN_SUSPICIOUS_MOVE = YES;
				CLANG_WARN_UNGUARDED_AVAILABILITY = YES_AGGRESSIVE;
				CLANG_WARN_UNREACHABLE_CODE = YES;
				CLANG_WARN__DUPLICATE_METHOD_MATCH = YES;
				COPY_PHASE_STRIP = NO;
				DEBUG_INFORMATION_FORMAT = dwarf;
				ENABLE_STRICT_OBJC_MSGSEND = YES;
				ENABLE_TESTABILITY = YES;
				GCC_C_LANGUAGE_STANDARD = gnu11;
				GCC_DYNAMIC_NO_PIC = NO;
				GCC_NO_COMMON_BLOCKS = YES;
				GCC_OPTIMIZATION_LEVEL = 0;
				GCC_PREPROCESSOR_DEFINITIONS = (
					"DEBUG=1",
					"$(inherited)",
				);
				GCC_WARN_64_TO_32_BIT_CONVERSION = YES;
				GCC_WARN_ABOUT_RETURN_TYPE = YES_ERROR;
				GCC_WARN_UNDECLARED_SELECTOR = YES;
				GCC_WARN_UNINITIALIZED_AUTOS = YES_AGGRESSIVE;
				GCC_WARN_UNUSED_FUNCTION = YES;
				GCC_WARN_UNUSED_VARIABLE = YES;
				IPHONEOS_DEPLOYMENT_TARGET = 14.4;
				MTL_ENABLE_DEBUG_INFO = INCLUDE_SOURCE;
				MTL_FAST_MATH = YES;
				ONLY_ACTIVE_ARCH = YES;
				SDKROOT = iphoneos;
				SWIFT_ACTIVE_COMPILATION_CONDITIONS = DEBUG;
				SWIFT_OPTIMIZATION_LEVEL = "-Onone";
			};
			name = Debug;
		};
		DEABA6ED25F209F700B1F1D3 /* Release */ = {
			isa = XCBuildConfiguration;
			buildSettings = {
				ALWAYS_SEARCH_USER_PATHS = NO;
				CLANG_ANALYZER_NONNULL = YES;
				CLANG_ANALYZER_NUMBER_OBJECT_CONVERSION = YES_AGGRESSIVE;
				CLANG_CXX_LANGUAGE_STANDARD = "gnu++14";
				CLANG_CXX_LIBRARY = "libc++";
				CLANG_ENABLE_MODULES = YES;
				CLANG_ENABLE_OBJC_ARC = YES;
				CLANG_ENABLE_OBJC_WEAK = YES;
				CLANG_WARN_BLOCK_CAPTURE_AUTORELEASING = YES;
				CLANG_WARN_BOOL_CONVERSION = YES;
				CLANG_WARN_COMMA = YES;
				CLANG_WARN_CONSTANT_CONVERSION = YES;
				CLANG_WARN_DEPRECATED_OBJC_IMPLEMENTATIONS = YES;
				CLANG_WARN_DIRECT_OBJC_ISA_USAGE = YES_ERROR;
				CLANG_WARN_DOCUMENTATION_COMMENTS = YES;
				CLANG_WARN_EMPTY_BODY = YES;
				CLANG_WARN_ENUM_CONVERSION = YES;
				CLANG_WARN_INFINITE_RECURSION = YES;
				CLANG_WARN_INT_CONVERSION = YES;
				CLANG_WARN_NON_LITERAL_NULL_CONVERSION = YES;
				CLANG_WARN_OBJC_IMPLICIT_RETAIN_SELF = YES;
				CLANG_WARN_OBJC_LITERAL_CONVERSION = YES;
				CLANG_WARN_OBJC_ROOT_CLASS = YES_ERROR;
				CLANG_WARN_QUOTED_INCLUDE_IN_FRAMEWORK_HEADER = YES;
				CLANG_WARN_RANGE_LOOP_ANALYSIS = YES;
				CLANG_WARN_STRICT_PROTOTYPES = YES;
				CLANG_WARN_SUSPICIOUS_MOVE = YES;
				CLANG_WARN_UNGUARDED_AVAILABILITY = YES_AGGRESSIVE;
				CLANG_WARN_UNREACHABLE_CODE = YES;
				CLANG_WARN__DUPLICATE_METHOD_MATCH = YES;
				COPY_PHASE_STRIP = NO;
				DEBUG_INFORMATION_FORMAT = "dwarf-with-dsym";
				ENABLE_NS_ASSERTIONS = NO;
				ENABLE_STRICT_OBJC_MSGSEND = YES;
				GCC_C_LANGUAGE_STANDARD = gnu11;
				GCC_NO_COMMON_BLOCKS = YES;
				GCC_WARN_64_TO_32_BIT_CONVERSION = YES;
				GCC_WARN_ABOUT_RETURN_TYPE = YES_ERROR;
				GCC_WARN_UNDECLARED_SELECTOR = YES;
				GCC_WARN_UNINITIALIZED_AUTOS = YES_AGGRESSIVE;
				GCC_WARN_UNUSED_FUNCTION = YES;
				GCC_WARN_UNUSED_VARIABLE = YES;
				IPHONEOS_DEPLOYMENT_TARGET = 14.4;
				MTL_ENABLE_DEBUG_INFO = NO;
				MTL_FAST_MATH = YES;
				SDKROOT = iphoneos;
				SWIFT_COMPILATION_MODE = wholemodule;
				SWIFT_OPTIMIZATION_LEVEL = "-O";
				VALIDATE_PRODUCT = YES;
			};
			name = Release;
		};
		DEABA6EF25F209F700B1F1D3 /* Debug */ = {
			isa = XCBuildConfiguration;
			buildSettings = {
				ASSETCATALOG_COMPILER_APPICON_NAME = AppIcon;
				ASSETCATALOG_COMPILER_GLOBAL_ACCENT_COLOR_NAME = AccentColor;
				CODE_SIGN_STYLE = Automatic;
				INFOPLIST_FILE = Prework/Info.plist;
				LD_RUNPATH_SEARCH_PATHS = (
					"$(inherited)",
					"@executable_path/Frameworks",
				);
				PRODUCT_BUNDLE_IDENTIFIER = PranavCodepath.Prework;
				PRODUCT_NAME = "$(TARGET_NAME)";
				SWIFT_VERSION = 5.0;
				TARGETED_DEVICE_FAMILY = "1,2";
			};
			name = Debug;
		};
		DEABA6F025F209F700B1F1D3 /* Release */ = {
			isa = XCBuildConfiguration;
			buildSettings = {
				ASSETCATALOG_COMPILER_APPICON_NAME = AppIcon;
				ASSETCATALOG_COMPILER_GLOBAL_ACCENT_COLOR_NAME = AccentColor;
				CODE_SIGN_STYLE = Automatic;
				INFOPLIST_FILE = Prework/Info.plist;
				LD_RUNPATH_SEARCH_PATHS = (
					"$(inherited)",
					"@executable_path/Frameworks",
				);
				PRODUCT_BUNDLE_IDENTIFIER = PranavCodepath.Prework;
				PRODUCT_NAME = "$(TARGET_NAME)";
				SWIFT_VERSION = 5.0;
				TARGETED_DEVICE_FAMILY = "1,2";
			};
			name = Release;
		};
		DEABA6F225F209F700B1F1D3 /* Debug */ = {
			isa = XCBuildConfiguration;
			buildSettings = {
				ALWAYS_EMBED_SWIFT_STANDARD_LIBRARIES = YES;
				BUNDLE_LOADER = "$(TEST_HOST)";
				CODE_SIGN_STYLE = Automatic;
				INFOPLIST_FILE = PreworkTests/Info.plist;
				IPHONEOS_DEPLOYMENT_TARGET = 14.4;
				LD_RUNPATH_SEARCH_PATHS = (
					"$(inherited)",
					"@executable_path/Frameworks",
					"@loader_path/Frameworks",
				);
				PRODUCT_BUNDLE_IDENTIFIER = PranavCodepath.PreworkTests;
				PRODUCT_NAME = "$(TARGET_NAME)";
				SWIFT_VERSION = 5.0;
				TARGETED_DEVICE_FAMILY = "1,2";
				TEST_HOST = "$(BUILT_PRODUCTS_DIR)/Prework.app/Prework";
			};
			name = Debug;
		};
		DEABA6F325F209F700B1F1D3 /* Release */ = {
			isa = XCBuildConfiguration;
			buildSettings = {
				ALWAYS_EMBED_SWIFT_STANDARD_LIBRARIES = YES;
				BUNDLE_LOADER = "$(TEST_HOST)";
				CODE_SIGN_STYLE = Automatic;
				INFOPLIST_FILE = PreworkTests/Info.plist;
				IPHONEOS_DEPLOYMENT_TARGET = 14.4;
				LD_RUNPATH_SEARCH_PATHS = (
					"$(inherited)",
					"@executable_path/Frameworks",
					"@loader_path/Frameworks",
				);
				PRODUCT_BUNDLE_IDENTIFIER = PranavCodepath.PreworkTests;
				PRODUCT_NAME = "$(TARGET_NAME)";
				SWIFT_VERSION = 5.0;
				TARGETED_DEVICE_FAMILY = "1,2";
				TEST_HOST = "$(BUILT_PRODUCTS_DIR)/Prework.app/Prework";
			};
			name = Release;
		};
		DEABA6F525F209F700B1F1D3 /* Debug */ = {
			isa = XCBuildConfiguration;
			buildSettings = {
				ALWAYS_EMBED_SWIFT_STANDARD_LIBRARIES = YES;
				CODE_SIGN_STYLE = Automatic;
				INFOPLIST_FILE = PreworkUITests/Info.plist;
				LD_RUNPATH_SEARCH_PATHS = (
					"$(inherited)",
					"@executable_path/Frameworks",
					"@loader_path/Frameworks",
				);
				PRODUCT_BUNDLE_IDENTIFIER = PranavCodepath.PreworkUITests;
				PRODUCT_NAME = "$(TARGET_NAME)";
				SWIFT_VERSION = 5.0;
				TARGETED_DEVICE_FAMILY = "1,2";
				TEST_TARGET_NAME = Prework;
			};
			name = Debug;
		};
		DEABA6F625F209F700B1F1D3 /* Release */ = {
			isa = XCBuildConfiguration;
			buildSettings = {
				ALWAYS_EMBED_SWIFT_STANDARD_LIBRARIES = YES;
				CODE_SIGN_STYLE = Automatic;
				INFOPLIST_FILE = PreworkUITests/Info.plist;
				LD_RUNPATH_SEARCH_PATHS = (
					"$(inherited)",
					"@executable_path/Frameworks",
					"@loader_path/Frameworks",
				);
				PRODUCT_BUNDLE_IDENTIFIER = PranavCodepath.PreworkUITests;
				PRODUCT_NAME = "$(TARGET_NAME)";
				SWIFT_VERSION = 5.0;
				TARGETED_DEVICE_FAMILY = "1,2";
				TEST_TARGET_NAME = Prework;
			};
			name = Release;
		};
/* End XCBuildConfiguration section */

/* Begin XCConfigurationList section */
		DEABA6BF25F209F500B1F1D3 /* Build configuration list for PBXProject "Prework" */ = {
			isa = XCConfigurationList;
			buildConfigurations = (
				DEABA6EC25F209F700B1F1D3 /* Debug */,
				DEABA6ED25F209F700B1F1D3 /* Release */,
			);
			defaultConfigurationIsVisible = 0;
			defaultConfigurationName = Release;
		};
		DEABA6EE25F209F700B1F1D3 /* Build configuration list for PBXNativeTarget "Prework" */ = {
			isa = XCConfigurationList;
			buildConfigurations = (
				DEABA6EF25F209F700B1F1D3 /* Debug */,
				DEABA6F025F209F700B1F1D3 /* Release */,
			);
			defaultConfigurationIsVisible = 0;
			defaultConfigurationName = Release;
		};
		DEABA6F125F209F700B1F1D3 /* Build configuration list for PBXNativeTarget "PreworkTests" */ = {
			isa = XCConfigurationList;
			buildConfigurations = (
				DEABA6F225F209F700B1F1D3 /* Debug */,
				DEABA6F325F209F700B1F1D3 /* Release */,
			);
			defaultConfigurationIsVisible = 0;
			defaultConfigurationName = Release;
		};
		DEABA6F425F209F700B1F1D3 /* Build configuration list for PBXNativeTarget "PreworkUITests" */ = {
			isa = XCConfigurationList;
			buildConfigurations = (
				DEABA6F525F209F700B1F1D3 /* Debug */,
				DEABA6F625F209F700B1F1D3 /* Release */,
			);
			defaultConfigurationIsVisible = 0;
			defaultConfigurationName = Release;
		};
/* End XCConfigurationList section */
	};
	rootObject = DEABA6BC25F209F500B1F1D3 /* Project object */;
}
